
Microsoft Visual Studio Solution File, Format Version 10.00
# Visual Studio 2008
Project("{8BC9CEB8-8B4A-11D0-8D11-00A0C91BC942}") = "Level", "Level\Level.vcproj", "{BC709FFA-9796-4512-99E1-9F966AD5672D}"
EndProject
Global
	GlobalSection(SolutionConfigurationPlatforms) = preSolution
		Debug|Win32 = Debug|Win32
		Release|Win32 = Release|Win32
	EndGlobalSection
	GlobalSection(ProjectConfigurationPlatforms) = postSolution
		{BC709FFA-9796-4512-99E1-9F966AD5672D}.Debug|Win32.ActiveCfg = Debug|Win32
		{BC709FFA-9796-4512-99E1-9F966AD5672D}.Debug|Win32.Build.0 = Debug|Win32
		{BC709FFA-9796-4512-99E1-9F966AD5672D}.Release|Win32.ActiveCfg = Release|Win32
		{BC709FFA-9796-4512-99E1-9F966AD5672D}.Release|Win32.Build.0 = Release|Win32
	EndGlobalSection
	GlobalSection(SolutionProperties) = preSolution
		HideSolutionNode = FALSE
	EndGlobalSection
EndGlobal
