<?xml version="1.0" encoding="UTF-8" standalone="yes" ?>
<CodeBlocks_project_file>
	<FileVersion major="1" minor="6" />
	<Project>
		<Option title="wiiuse" />
		<Option makefile_is_custom="1" />
		<Option pch_mode="2" />
		<Option compiler="gcc" />
		<MakeCommands>
			<Build command="$make $target" />
			<CompileFile command="$make $file" />
			<Clean command="$make clean" />
			<DistClean command="$make distclean" />
		</MakeCommands>
		<Build>
			<Target title="Release">
				<Option output="bin/Release/wiiuse" prefix_auto="1" extension_auto="1" />
				<Option object_output="obj/Release/" />
				<Option type="1" />
				<Option compiler="gcc" />
				<Compiler>
					<Add option="-O2" />
				</Compiler>
				<Linker>
					<Add option="-s" />
				</Linker>
			</Target>
		</Build>
		<Compiler>
			<Add option="-Wall" />
		</Compiler>
		<Unit filename="CHANGELOG" />
		<Unit filename="README" />
		<Unit filename="api/example.c">
			<Option compilerVar="CC" />
		</Unit>
		<Unit filename="api/wiiuse.c">
			<Option compilerVar="CC" />
		</Unit>
		<Unit filename="gfx/gfx.c">
			<Option compilerVar="CC" />
		</Unit>
		<Unit filename="include/classic.h" />
		<Unit filename="include/definitions.h" />
		<Unit filename="include/dynamics.h" />
		<Unit filename="include/events.h" />
		<Unit filename="include/io.h" />
		<Unit filename="include/ir.h" />
		<Unit filename="include/nunchuk.h" />
		<Unit filename="include/os.h" />
		<Unit filename="include/wiiuse.h" />
		<Unit filename="include/wiiuse_internal.h" />
		<Unit filename="src/classic.c">
			<Option compilerVar="CC" />
		</Unit>
		<Unit filename="src/dynamics.c">
			<Option compilerVar="CC" />
		</Unit>
		<Unit filename="src/events.c">
			<Option compilerVar="CC" />
		</Unit>
		<Unit filename="src/io.c">
			<Option compilerVar="CC" />
		</Unit>
		<Unit filename="src/io_nix.c">
			<Option compilerVar="CC" />
		</Unit>
		<Unit filename="src/io_win.c">
			<Option compilerVar="CC" />
		</Unit>
		<Unit filename="src/ir.c">
			<Option compilerVar="CC" />
		</Unit>
		<Unit filename="src/main.c">
			<Option compilerVar="CC" />
		</Unit>
		<Unit filename="src/nunchuk.c">
			<Option compilerVar="CC" />
		</Unit>
		<Unit filename="src/wiiuse.c">
			<Option compilerVar="CC" />
		</Unit>
		<Unit filename="../www/tutorial.php" />
		<Extensions>
			<code_completion />
		</Extensions>
	</Project>
</CodeBlocks_project_file>
